Microsoft Visual Studio Solution File, Format Version 11.00
# Visual Studio 2008

Project("{8BB25A96-6021-39BF-74C3-84C83A009906}") = "IA54_Project_Client", "Assembly-CSharp.csproj", "{C2578A97-BA4A-C539-FEC6-3C8697C54878}"
EndProject
Global
	GlobalSection(SolutionConfigurationPlatforms) = preSolution
		Debug|Any CPU = Debug|Any CPU
		Release|Any CPU = Release|Any CPU
	EndGlobalSection
	GlobalSection(ProjectConfigurationPlatforms) = postSolution
		{C2578A97-BA4A-C539-FEC6-3C8697C54878}.Debug|Any CPU.ActiveCfg = Debug|Any CPU
		{C2578A97-BA4A-C539-FEC6-3C8697C54878}.Debug|Any CPU.Build.0 = Debug|Any CPU
		{C2578A97-BA4A-C539-FEC6-3C8697C54878}.Release|Any CPU.ActiveCfg = Release|Any CPU
		{C2578A97-BA4A-C539-FEC6-3C8697C54878}.Release|Any CPU.Build.0 = Release|Any CPU
	EndGlobalSection
	GlobalSection(SolutionProperties) = preSolution
		HideSolutionNode = FALSE
	EndGlobalSection
	GlobalSection(MonoDevelopProperties) = preSolution
		StartupItem = Assembly-CSharp.csproj
	EndGlobalSection
EndGlobal
