Microsoft Visual Studio Solution File, Format Version 11.00
# Visual Studio 2008

Project("{51B1DA92-4A55-E77E-51AD-9F0007CADA78}") = "testIA54_Project_Client", "Assembly-CSharp.csproj", "{A1408956-D724-6AF6-DA19-DEC26B3014A2}"
EndProject
Global
	GlobalSection(SolutionConfigurationPlatforms) = preSolution
		Debug|Any CPU = Debug|Any CPU
		Release|Any CPU = Release|Any CPU
	EndGlobalSection
	GlobalSection(ProjectConfigurationPlatforms) = postSolution
		{A1408956-D724-6AF6-DA19-DEC26B3014A2}.Debug|Any CPU.ActiveCfg = Debug|Any CPU
		{A1408956-D724-6AF6-DA19-DEC26B3014A2}.Debug|Any CPU.Build.0 = Debug|Any CPU
		{A1408956-D724-6AF6-DA19-DEC26B3014A2}.Release|Any CPU.ActiveCfg = Release|Any CPU
		{A1408956-D724-6AF6-DA19-DEC26B3014A2}.Release|Any CPU.Build.0 = Release|Any CPU
	EndGlobalSection
	GlobalSection(SolutionProperties) = preSolution
		HideSolutionNode = FALSE
	EndGlobalSection
	GlobalSection(MonoDevelopProperties) = preSolution
		StartupItem = Assembly-CSharp.csproj
	EndGlobalSection
EndGlobal
